
Microsoft Visual Studio Solution File, Format Version 12.00
# Visual Studio 15
VisualStudioVersion = 15.0.26124.0
MinimumVisualStudioVersion = 15.0.26124.0
Project("{FAE04EC0-301F-11D3-BF4B-00C04F79EFBC}") = "UltraAIPSCloudAPI", "UltraAIPSCloudAPI\UltraAIPSCloudAPI.csproj", "{C1286583-3DA2-48E2-BE75-74591EC43B2E}"
EndProject
Project("{FAE04EC0-301F-11D3-BF4B-00C04F79EFBC}") = "UltraAIPSCloudAPI.Contracts", "UltraAIPSCloudAPI.Contracts\UltraAIPSCloudAPI.Contracts.csproj", "{E40265A2-0067-4CF0-A50B-41D6EDE4806D}"
EndProject
Project("{FAE04EC0-301F-11D3-BF4B-00C04F79EFBC}") = "UltraAIPSCloudAPI.IService", "UltraAIPSCloudAPI.IService\UltraAIPSCloudAPI.IService.csproj", "{74EED14D-48E0-4A52-B076-E7505F8F0CBB}"
EndProject
Project("{FAE04EC0-301F-11D3-BF4B-00C04F79EFBC}") = "UltraAIPSCloudAPI.Service", "UltraAIPSCloudAPI.Service\UltraAIPSCloudAPI.Service.csproj", "{FDFCF780-1031-4B1B-A1B3-8CC5B7B7C968}"
EndProject
Project("{FAE04EC0-301F-11D3-BF4B-00C04F79EFBC}") = "UltraAIPSCloudAPI.Biz", "UltraAIPSCloudAPI.Biz\UltraAIPSCloudAPI.Biz.csproj", "{6F41C773-42C4-4FA9-A783-03E23CEEA9D2}"
EndProject
Project("{FAE04EC0-301F-11D3-BF4B-00C04F79EFBC}") = "UltraAIPSCloudAPI.IRepository", "UltraAIPSCloudAPI.IRepository\UltraAIPSCloudAPI.IRepository.csproj", "{40D6738E-12EA-415D-A1C7-48D44076FF58}"
EndProject
Project("{FAE04EC0-301F-11D3-BF4B-00C04F79EFBC}") = "UltraAIPSCloudAPI.Repository", "UltraAIPSCloudAPI.Repository\UltraAIPSCloudAPI.Repository.csproj", "{5EA4F573-E568-45D3-89D5-8D7A8C6D64FE}"
EndProject
Project("{FAE04EC0-301F-11D3-BF4B-00C04F79EFBC}") = "UltraAIPSCloudAPI.Models", "UltraAIPSCloudAPI.Models\UltraAIPSCloudAPI.Models.csproj", "{1A5824E9-6CBC-431A-8D80-7B4046BBD32F}"
EndProject
Project("{FAE04EC0-301F-11D3-BF4B-00C04F79EFBC}") = "UltraAIPSCloudAPI.Mappers", "UltraAIPSCloudAPI.Mappers\UltraAIPSCloudAPI.Mappers.csproj", "{4E668F3A-3AFB-49E6-A554-EB1E9356F55A}"
EndProject
Project("{FAE04EC0-301F-11D3-BF4B-00C04F79EFBC}") = "UltraAIPSCloudAPI.Core", "UltraAIPSCloudAPI.Core\UltraAIPSCloudAPI.Core.csproj", "{84F6004D-6756-479D-9897-47AFA879921E}"
EndProject
Global
	GlobalSection(SolutionProperties) = preSolution
		HideSolutionNode = FALSE
	EndGlobalSection
	GlobalSection(SolutionConfigurationPlatforms) = preSolution
		Debug|Any CPU = Debug|Any CPU
		Debug|x64 = Debug|x64
		Debug|x86 = Debug|x86
		Release|Any CPU = Release|Any CPU
		Release|x64 = Release|x64
		Release|x86 = Release|x86
	EndGlobalSection
	GlobalSection(ProjectConfigurationPlatforms) = postSolution
		{C1286583-3DA2-48E2-BE75-74591EC43B2E}.Debug|Any CPU.ActiveCfg = Debug|Any CPU
		{C1286583-3DA2-48E2-BE75-74591EC43B2E}.Debug|Any CPU.Build.0 = Debug|Any CPU
		{C1286583-3DA2-48E2-BE75-74591EC43B2E}.Debug|x64.ActiveCfg = Debug|x64
		{C1286583-3DA2-48E2-BE75-74591EC43B2E}.Debug|x64.Build.0 = Debug|x64
		{C1286583-3DA2-48E2-BE75-74591EC43B2E}.Debug|x86.ActiveCfg = Debug|x86
		{C1286583-3DA2-48E2-BE75-74591EC43B2E}.Debug|x86.Build.0 = Debug|x86
		{C1286583-3DA2-48E2-BE75-74591EC43B2E}.Release|Any CPU.ActiveCfg = Release|Any CPU
		{C1286583-3DA2-48E2-BE75-74591EC43B2E}.Release|Any CPU.Build.0 = Release|Any CPU
		{C1286583-3DA2-48E2-BE75-74591EC43B2E}.Release|x64.ActiveCfg = Release|x64
		{C1286583-3DA2-48E2-BE75-74591EC43B2E}.Release|x64.Build.0 = Release|x64
		{C1286583-3DA2-48E2-BE75-74591EC43B2E}.Release|x86.ActiveCfg = Release|x86
		{C1286583-3DA2-48E2-BE75-74591EC43B2E}.Release|x86.Build.0 = Release|x86
		{E40265A2-0067-4CF0-A50B-41D6EDE4806D}.Debug|Any CPU.ActiveCfg = Debug|Any CPU
		{E40265A2-0067-4CF0-A50B-41D6EDE4806D}.Debug|Any CPU.Build.0 = Debug|Any CPU
		{E40265A2-0067-4CF0-A50B-41D6EDE4806D}.Debug|x64.ActiveCfg = Debug|x64
		{E40265A2-0067-4CF0-A50B-41D6EDE4806D}.Debug|x64.Build.0 = Debug|x64
		{E40265A2-0067-4CF0-A50B-41D6EDE4806D}.Debug|x86.ActiveCfg = Debug|x86
		{E40265A2-0067-4CF0-A50B-41D6EDE4806D}.Debug|x86.Build.0 = Debug|x86
		{E40265A2-0067-4CF0-A50B-41D6EDE4806D}.Release|Any CPU.ActiveCfg = Release|Any CPU
		{E40265A2-0067-4CF0-A50B-41D6EDE4806D}.Release|Any CPU.Build.0 = Release|Any CPU
		{E40265A2-0067-4CF0-A50B-41D6EDE4806D}.Release|x64.ActiveCfg = Release|x64
		{E40265A2-0067-4CF0-A50B-41D6EDE4806D}.Release|x64.Build.0 = Release|x64
		{E40265A2-0067-4CF0-A50B-41D6EDE4806D}.Release|x86.ActiveCfg = Release|x86
		{E40265A2-0067-4CF0-A50B-41D6EDE4806D}.Release|x86.Build.0 = Release|x86
		{74EED14D-48E0-4A52-B076-E7505F8F0CBB}.Debug|Any CPU.ActiveCfg = Debug|Any CPU
		{74EED14D-48E0-4A52-B076-E7505F8F0CBB}.Debug|Any CPU.Build.0 = Debug|Any CPU
		{74EED14D-48E0-4A52-B076-E7505F8F0CBB}.Debug|x64.ActiveCfg = Debug|x64
		{74EED14D-48E0-4A52-B076-E7505F8F0CBB}.Debug|x64.Build.0 = Debug|x64
		{74EED14D-48E0-4A52-B076-E7505F8F0CBB}.Debug|x86.ActiveCfg = Debug|x86
		{74EED14D-48E0-4A52-B076-E7505F8F0CBB}.Debug|x86.Build.0 = Debug|x86
		{74EED14D-48E0-4A52-B076-E7505F8F0CBB}.Release|Any CPU.ActiveCfg = Release|Any CPU
		{74EED14D-48E0-4A52-B076-E7505F8F0CBB}.Release|Any CPU.Build.0 = Release|Any CPU
		{74EED14D-48E0-4A52-B076-E7505F8F0CBB}.Release|x64.ActiveCfg = Release|x64
		{74EED14D-48E0-4A52-B076-E7505F8F0CBB}.Release|x64.Build.0 = Release|x64
		{74EED14D-48E0-4A52-B076-E7505F8F0CBB}.Release|x86.ActiveCfg = Release|x86
		{74EED14D-48E0-4A52-B076-E7505F8F0CBB}.Release|x86.Build.0 = Release|x86
		{FDFCF780-1031-4B1B-A1B3-8CC5B7B7C968}.Debug|Any CPU.ActiveCfg = Debug|Any CPU
		{FDFCF780-1031-4B1B-A1B3-8CC5B7B7C968}.Debug|Any CPU.Build.0 = Debug|Any CPU
		{FDFCF780-1031-4B1B-A1B3-8CC5B7B7C968}.Debug|x64.ActiveCfg = Debug|x64
		{FDFCF780-1031-4B1B-A1B3-8CC5B7B7C968}.Debug|x64.Build.0 = Debug|x64
		{FDFCF780-1031-4B1B-A1B3-8CC5B7B7C968}.Debug|x86.ActiveCfg = Debug|x86
		{FDFCF780-1031-4B1B-A1B3-8CC5B7B7C968}.Debug|x86.Build.0 = Debug|x86
		{FDFCF780-1031-4B1B-A1B3-8CC5B7B7C968}.Release|Any CPU.ActiveCfg = Release|Any CPU
		{FDFCF780-1031-4B1B-A1B3-8CC5B7B7C968}.Release|Any CPU.Build.0 = Release|Any CPU
		{FDFCF780-1031-4B1B-A1B3-8CC5B7B7C968}.Release|x64.ActiveCfg = Release|x64
		{FDFCF780-1031-4B1B-A1B3-8CC5B7B7C968}.Release|x64.Build.0 = Release|x64
		{FDFCF780-1031-4B1B-A1B3-8CC5B7B7C968}.Release|x86.ActiveCfg = Release|x86
		{FDFCF780-1031-4B1B-A1B3-8CC5B7B7C968}.Release|x86.Build.0 = Release|x86
		{6F41C773-42C4-4FA9-A783-03E23CEEA9D2}.Debug|Any CPU.ActiveCfg = Debug|Any CPU
		{6F41C773-42C4-4FA9-A783-03E23CEEA9D2}.Debug|Any CPU.Build.0 = Debug|Any CPU
		{6F41C773-42C4-4FA9-A783-03E23CEEA9D2}.Debug|x64.ActiveCfg = Debug|x64
		{6F41C773-42C4-4FA9-A783-03E23CEEA9D2}.Debug|x64.Build.0 = Debug|x64
		{6F41C773-42C4-4FA9-A783-03E23CEEA9D2}.Debug|x86.ActiveCfg = Debug|x86
		{6F41C773-42C4-4FA9-A783-03E23CEEA9D2}.Debug|x86.Build.0 = Debug|x86
		{6F41C773-42C4-4FA9-A783-03E23CEEA9D2}.Release|Any CPU.ActiveCfg = Release|Any CPU
		{6F41C773-42C4-4FA9-A783-03E23CEEA9D2}.Release|Any CPU.Build.0 = Release|Any CPU
		{6F41C773-42C4-4FA9-A783-03E23CEEA9D2}.Release|x64.ActiveCfg = Release|x64
		{6F41C773-42C4-4FA9-A783-03E23CEEA9D2}.Release|x64.Build.0 = Release|x64
		{6F41C773-42C4-4FA9-A783-03E23CEEA9D2}.Release|x86.ActiveCfg = Release|x86
		{6F41C773-42C4-4FA9-A783-03E23CEEA9D2}.Release|x86.Build.0 = Release|x86
		{40D6738E-12EA-415D-A1C7-48D44076FF58}.Debug|Any CPU.ActiveCfg = Debug|Any CPU
		{40D6738E-12EA-415D-A1C7-48D44076FF58}.Debug|Any CPU.Build.0 = Debug|Any CPU
		{40D6738E-12EA-415D-A1C7-48D44076FF58}.Debug|x64.ActiveCfg = Debug|x64
		{40D6738E-12EA-415D-A1C7-48D44076FF58}.Debug|x64.Build.0 = Debug|x64
		{40D6738E-12EA-415D-A1C7-48D44076FF58}.Debug|x86.ActiveCfg = Debug|x86
		{40D6738E-12EA-415D-A1C7-48D44076FF58}.Debug|x86.Build.0 = Debug|x86
		{40D6738E-12EA-415D-A1C7-48D44076FF58}.Release|Any CPU.ActiveCfg = Release|Any CPU
		{40D6738E-12EA-415D-A1C7-48D44076FF58}.Release|Any CPU.Build.0 = Release|Any CPU
		{40D6738E-12EA-415D-A1C7-48D44076FF58}.Release|x64.ActiveCfg = Release|x64
		{40D6738E-12EA-415D-A1C7-48D44076FF58}.Release|x64.Build.0 = Release|x64
		{40D6738E-12EA-415D-A1C7-48D44076FF58}.Release|x86.ActiveCfg = Release|x86
		{40D6738E-12EA-415D-A1C7-48D44076FF58}.Release|x86.Build.0 = Release|x86
		{5EA4F573-E568-45D3-89D5-8D7A8C6D64FE}.Debug|Any CPU.ActiveCfg = Debug|Any CPU
		{5EA4F573-E568-45D3-89D5-8D7A8C6D64FE}.Debug|Any CPU.Build.0 = Debug|Any CPU
		{5EA4F573-E568-45D3-89D5-8D7A8C6D64FE}.Debug|x64.ActiveCfg = Debug|x64
		{5EA4F573-E568-45D3-89D5-8D7A8C6D64FE}.Debug|x64.Build.0 = Debug|x64
		{5EA4F573-E568-45D3-89D5-8D7A8C6D64FE}.Debug|x86.ActiveCfg = Debug|x86
		{5EA4F573-E568-45D3-89D5-8D7A8C6D64FE}.Debug|x86.Build.0 = Debug|x86
		{5EA4F573-E568-45D3-89D5-8D7A8C6D64FE}.Release|Any CPU.ActiveCfg = Release|Any CPU
		{5EA4F573-E568-45D3-89D5-8D7A8C6D64FE}.Release|Any CPU.Build.0 = Release|Any CPU
		{5EA4F573-E568-45D3-89D5-8D7A8C6D64FE}.Release|x64.ActiveCfg = Release|x64
		{5EA4F573-E568-45D3-89D5-8D7A8C6D64FE}.Release|x64.Build.0 = Release|x64
		{5EA4F573-E568-45D3-89D5-8D7A8C6D64FE}.Release|x86.ActiveCfg = Release|x86
		{5EA4F573-E568-45D3-89D5-8D7A8C6D64FE}.Release|x86.Build.0 = Release|x86
		{1A5824E9-6CBC-431A-8D80-7B4046BBD32F}.Debug|Any CPU.ActiveCfg = Debug|Any CPU
		{1A5824E9-6CBC-431A-8D80-7B4046BBD32F}.Debug|Any CPU.Build.0 = Debug|Any CPU
		{1A5824E9-6CBC-431A-8D80-7B4046BBD32F}.Debug|x64.ActiveCfg = Debug|x64
		{1A5824E9-6CBC-431A-8D80-7B4046BBD32F}.Debug|x64.Build.0 = Debug|x64
		{1A5824E9-6CBC-431A-8D80-7B4046BBD32F}.Debug|x86.ActiveCfg = Debug|x86
		{1A5824E9-6CBC-431A-8D80-7B4046BBD32F}.Debug|x86.Build.0 = Debug|x86
		{1A5824E9-6CBC-431A-8D80-7B4046BBD32F}.Release|Any CPU.ActiveCfg = Release|Any CPU
		{1A5824E9-6CBC-431A-8D80-7B4046BBD32F}.Release|Any CPU.Build.0 = Release|Any CPU
		{1A5824E9-6CBC-431A-8D80-7B4046BBD32F}.Release|x64.ActiveCfg = Release|x64
		{1A5824E9-6CBC-431A-8D80-7B4046BBD32F}.Release|x64.Build.0 = Release|x64
		{1A5824E9-6CBC-431A-8D80-7B4046BBD32F}.Release|x86.ActiveCfg = Release|x86
		{1A5824E9-6CBC-431A-8D80-7B4046BBD32F}.Release|x86.Build.0 = Release|x86
		{4E668F3A-3AFB-49E6-A554-EB1E9356F55A}.Debug|Any CPU.ActiveCfg = Debug|Any CPU
		{4E668F3A-3AFB-49E6-A554-EB1E9356F55A}.Debug|Any CPU.Build.0 = Debug|Any CPU
		{4E668F3A-3AFB-49E6-A554-EB1E9356F55A}.Debug|x64.ActiveCfg = Debug|x64
		{4E668F3A-3AFB-49E6-A554-EB1E9356F55A}.Debug|x64.Build.0 = Debug|x64
		{4E668F3A-3AFB-49E6-A554-EB1E9356F55A}.Debug|x86.ActiveCfg = Debug|x86
		{4E668F3A-3AFB-49E6-A554-EB1E9356F55A}.Debug|x86.Build.0 = Debug|x86
		{4E668F3A-3AFB-49E6-A554-EB1E9356F55A}.Release|Any CPU.ActiveCfg = Release|Any CPU
		{4E668F3A-3AFB-49E6-A554-EB1E9356F55A}.Release|Any CPU.Build.0 = Release|Any CPU
		{4E668F3A-3AFB-49E6-A554-EB1E9356F55A}.Release|x64.ActiveCfg = Release|x64
		{4E668F3A-3AFB-49E6-A554-EB1E9356F55A}.Release|x64.Build.0 = Release|x64
		{4E668F3A-3AFB-49E6-A554-EB1E9356F55A}.Release|x86.ActiveCfg = Release|x86
		{4E668F3A-3AFB-49E6-A554-EB1E9356F55A}.Release|x86.Build.0 = Release|x86
		{84F6004D-6756-479D-9897-47AFA879921E}.Debug|Any CPU.ActiveCfg = Debug|Any CPU
		{84F6004D-6756-479D-9897-47AFA879921E}.Debug|Any CPU.Build.0 = Debug|Any CPU
		{84F6004D-6756-479D-9897-47AFA879921E}.Debug|x64.ActiveCfg = Debug|x64
		{84F6004D-6756-479D-9897-47AFA879921E}.Debug|x64.Build.0 = Debug|x64
		{84F6004D-6756-479D-9897-47AFA879921E}.Debug|x86.ActiveCfg = Debug|x86
		{84F6004D-6756-479D-9897-47AFA879921E}.Debug|x86.Build.0 = Debug|x86
		{84F6004D-6756-479D-9897-47AFA879921E}.Release|Any CPU.ActiveCfg = Release|Any CPU
		{84F6004D-6756-479D-9897-47AFA879921E}.Release|Any CPU.Build.0 = Release|Any CPU
		{84F6004D-6756-479D-9897-47AFA879921E}.Release|x64.ActiveCfg = Release|x64
		{84F6004D-6756-479D-9897-47AFA879921E}.Release|x64.Build.0 = Release|x64
		{84F6004D-6756-479D-9897-47AFA879921E}.Release|x86.ActiveCfg = Release|x86
		{84F6004D-6756-479D-9897-47AFA879921E}.Release|x86.Build.0 = Release|x86
	EndGlobalSection
EndGlobal
